
Microsoft Visual Studio Solution File, Format Version 12.00
# Visual Studio Version 17
VisualStudioVersion = 17.8.34330.188
MinimumVisualStudioVersion = 10.0.40219.1
Project("{FAE04EC0-301F-11D3-BF4B-00C04F79EFBC}") = "RefundWebApplication", "RefundWebApplication.csproj", "{E16DAA63-55AE-44A5-B28B-7D45CE10CE63}"
EndProject
Global
	GlobalSection(SolutionConfigurationPlatforms) = preSolution
		Debug|Any CPU = Debug|Any CPU
		Release|Any CPU = Release|Any CPU
	EndGlobalSection
	GlobalSection(ProjectConfigurationPlatforms) = postSolution
		{E16DAA63-55AE-44A5-B28B-7D45CE10CE63}.Debug|Any CPU.ActiveCfg = Debug|Any CPU
		{E16DAA63-55AE-44A5-B28B-7D45CE10CE63}.Debug|Any CPU.Build.0 = Debug|Any CPU
		{E16DAA63-55AE-44A5-B28B-7D45CE10CE63}.Release|Any CPU.ActiveCfg = Release|Any CPU
		{E16DAA63-55AE-44A5-B28B-7D45CE10CE63}.Release|Any CPU.Build.0 = Release|Any CPU
	EndGlobalSection
	GlobalSection(SolutionProperties) = preSolution
		HideSolutionNode = FALSE
	EndGlobalSection
	GlobalSection(ExtensibilityGlobals) = postSolution
		SolutionGuid = {5E4C0DEA-E5B0-44DC-A122-80130D43D051}
	EndGlobalSection
EndGlobal
